
Microsoft Visual Studio Solution File, Format Version 12.00
# Visual Studio Version 17
VisualStudioVersion = 17.7.34009.444
MinimumVisualStudioVersion = 10.0.40219.1
Project("{FAE04EC0-301F-11D3-BF4B-00C04F79EFBC}") = "RemotePipeList", "RemotePipeList.csproj", "{70BCFFDB-AE25-4BEA-BF0E-09DF06B7DBC4}"
EndProject
Global
	GlobalSection(SolutionConfigurationPlatforms) = preSolution
		Debug|Any CPU = Debug|Any CPU
		Release|Any CPU = Release|Any CPU
	EndGlobalSection
	GlobalSection(ProjectConfigurationPlatforms) = postSolution
		{70BCFFDB-AE25-4BEA-BF0E-09DF06B7DBC4}.Debug|Any CPU.ActiveCfg = Debug|Any CPU
		{70BCFFDB-AE25-4BEA-BF0E-09DF06B7DBC4}.Debug|Any CPU.Build.0 = Debug|Any CPU
		{70BCFFDB-AE25-4BEA-BF0E-09DF06B7DBC4}.Release|Any CPU.ActiveCfg = Release|Any CPU
		{70BCFFDB-AE25-4BEA-BF0E-09DF06B7DBC4}.Release|Any CPU.Build.0 = Release|Any CPU
	EndGlobalSection
	GlobalSection(SolutionProperties) = preSolution
		HideSolutionNode = FALSE
	EndGlobalSection
	GlobalSection(ExtensibilityGlobals) = postSolution
		SolutionGuid = {415A8812-E0D6-4E3F-AD5E-E0DC6D1EFFE1}
	EndGlobalSection
EndGlobal
